
Microsoft Visual Studio Solution File, Format Version 12.00
# Visual Studio Version 17
VisualStudioVersion = 17.9.34902.65
MinimumVisualStudioVersion = 10.0.40219.1
Project("{8BC9CEB8-8B4A-11D0-8D11-00A0C91BC942}") = "free_project", "free_project\free_project.vcxproj", "{D9366B8C-B264-4EE6-8B0B-28F8A5D53937}"
EndProject
Global
	GlobalSection(SolutionConfigurationPlatforms) = preSolution
		Debug|x64 = Debug|x64
		Debug|x86 = Debug|x86
		Release|x64 = Release|x64
		Release|x86 = Release|x86
	EndGlobalSection
	GlobalSection(ProjectConfigurationPlatforms) = postSolution
		{D9366B8C-B264-4EE6-8B0B-28F8A5D53937}.Debug|x64.ActiveCfg = Debug|x64
		{D9366B8C-B264-4EE6-8B0B-28F8A5D53937}.Debug|x64.Build.0 = Debug|x64
		{D9366B8C-B264-4EE6-8B0B-28F8A5D53937}.Debug|x86.ActiveCfg = Debug|Win32
		{D9366B8C-B264-4EE6-8B0B-28F8A5D53937}.Debug|x86.Build.0 = Debug|Win32
		{D9366B8C-B264-4EE6-8B0B-28F8A5D53937}.Release|x64.ActiveCfg = Release|x64
		{D9366B8C-B264-4EE6-8B0B-28F8A5D53937}.Release|x64.Build.0 = Release|x64
		{D9366B8C-B264-4EE6-8B0B-28F8A5D53937}.Release|x86.ActiveCfg = Release|Win32
		{D9366B8C-B264-4EE6-8B0B-28F8A5D53937}.Release|x86.Build.0 = Release|Win32
	EndGlobalSection
	GlobalSection(SolutionProperties) = preSolution
		HideSolutionNode = FALSE
	EndGlobalSection
	GlobalSection(ExtensibilityGlobals) = postSolution
		SolutionGuid = {6E99D5D2-40DA-4B9D-9FBE-5997E7D6860B}
	EndGlobalSection
EndGlobal
